
Microsoft Visual Studio Solution File, Format Version 12.00
# Visual Studio 2013
VisualStudioVersion = 12.0.31101.0
MinimumVisualStudioVersion = 10.0.40219.1
Project("{FAE04EC0-301F-11D3-BF4B-00C04F79EFBC}") = "IisHelper.MvcApplication", "IisHelper.MvcApplication\IisHelper.MvcApplication.csproj", "{776DBBC3-BDF6-4F7D-8652-D31996CCD4A9}"
EndProject
Project("{FAE04EC0-301F-11D3-BF4B-00C04F79EFBC}") = "IisHelper.MvcApplication.Test", "IisHelper.MvcApplication.Test\IisHelper.MvcApplication.Test.csproj", "{54A152F3-8E4F-4C12-8506-84693FB912D9}"
EndProject
Global
	GlobalSection(SolutionConfigurationPlatforms) = preSolution
		Debug|Any CPU = Debug|Any CPU
		Release|Any CPU = Release|Any CPU
	EndGlobalSection
	GlobalSection(ProjectConfigurationPlatforms) = postSolution
		{776DBBC3-BDF6-4F7D-8652-D31996CCD4A9}.Debug|Any CPU.ActiveCfg = Debug|Any CPU
		{776DBBC3-BDF6-4F7D-8652-D31996CCD4A9}.Debug|Any CPU.Build.0 = Debug|Any CPU
		{776DBBC3-BDF6-4F7D-8652-D31996CCD4A9}.Release|Any CPU.ActiveCfg = Release|Any CPU
		{776DBBC3-BDF6-4F7D-8652-D31996CCD4A9}.Release|Any CPU.Build.0 = Release|Any CPU
		{54A152F3-8E4F-4C12-8506-84693FB912D9}.Debug|Any CPU.ActiveCfg = Debug|Any CPU
		{54A152F3-8E4F-4C12-8506-84693FB912D9}.Debug|Any CPU.Build.0 = Debug|Any CPU
		{54A152F3-8E4F-4C12-8506-84693FB912D9}.Release|Any CPU.ActiveCfg = Release|Any CPU
		{54A152F3-8E4F-4C12-8506-84693FB912D9}.Release|Any CPU.Build.0 = Release|Any CPU
	EndGlobalSection
	GlobalSection(SolutionProperties) = preSolution
		HideSolutionNode = FALSE
	EndGlobalSection
EndGlobal
